// !$*UTF8*$!
{
	archiveVersion = 1;
	classes = {
	};
	objectVersion = 46;
	objects = {

/* Begin PBXBuildFile section */
		B359F7EA1ACE9CDE0059A353 /* NSUserDefaults+RunOnce.swift in Sources */ = {isa = PBXBuildFile; fileRef = B359F7E91ACE9CDE0059A353 /* NSUserDefaults+RunOnce.swift */; };
		B36204851AB63883005AE54B /* FileInfoOptions.swift in Sources */ = {isa = PBXBuildFile; fileRef = B36204841AB63883005AE54B /* FileInfoOptions.swift */; };
		B36C95C01ABB1C3300E0CDB3 /* CopyrightInformation.swift in Sources */ = {isa = PBXBuildFile; fileRef = B36C95BF1ABB1C3300E0CDB3 /* CopyrightInformation.swift */; };
		B39503771AB9C7A800544E52 /* NSView+Enable.swift in Sources */ = {isa = PBXBuildFile; fileRef = B39503761AB9C7A800544E52 /* NSView+Enable.swift */; };
		B3A139451BFF7FC800491270 /* DefaultMinimalLicense.txt in Resources */ = {isa = PBXBuildFile; fileRef = B3A139411BFF7FC800491270 /* DefaultMinimalLicense.txt */; };
		B3A139461BFF7FC800491270 /* DefaultTemplate.txt in Resources */ = {isa = PBXBuildFile; fileRef = B3A139421BFF7FC800491270 /* DefaultTemplate.txt */; };
		B3A139481BFF7FC800491270 /* myicon.icns in Resources */ = {isa = PBXBuildFile; fileRef = B3A139441BFF7FC800491270 /* myicon.icns */; };
		B3A6D6C91AB4D91A003F8F4B /* PreviewWindowController.swift in Sources */ = {isa = PBXBuildFile; fileRef = B3A6D6C81AB4D91A003F8F4B /* PreviewWindowController.swift */; };
		B3B590011C139AA2002D5116 /* GTRepository+FindRecursive.swift in Sources */ = {isa = PBXBuildFile; fileRef = B3B58FFE1C139AA2002D5116 /* GTRepository+FindRecursive.swift */; };
		B3B590021C139AA2002D5116 /* GTRepository+FindFileHistory.swift in Sources */ = {isa = PBXBuildFile; fileRef = B3B58FFF1C139AA2002D5116 /* GTRepository+FindFileHistory.swift */; };
		B3B590031C139AA2002D5116 /* GTTreeEntry+EntryWithSHA.swift in Sources */ = {isa = PBXBuildFile; fileRef = B3B590001C139AA2002D5116 /* GTTreeEntry+EntryWithSHA.swift */; };
		B3C822AA1AB4CD3900E2FF73 /* FileContent.swift in Sources */ = {isa = PBXBuildFile; fileRef = B3C822A81AB4CD3900E2FF73 /* FileContent.swift */; };
		B3C822AB1AB4CD3900E2FF73 /* FileWriter.swift in Sources */ = {isa = PBXBuildFile; fileRef = B3C822A91AB4CD3900E2FF73 /* FileWriter.swift */; };
		B3C822AD1AB4D21B00E2FF73 /* MainWindowController.swift in Sources */ = {isa = PBXBuildFile; fileRef = B3C822AC1AB4D21B00E2FF73 /* MainWindowController.swift */; };
		B3CDB5931C30248700DE7B88 /* LICENSE App in Resources */ = {isa = PBXBuildFile; fileRef = B3CDB58D1C30248700DE7B88 /* LICENSE App */; };
		B3CDB5941C30248700DE7B88 /* LICENSE Helpers in Resources */ = {isa = PBXBuildFile; fileRef = B3CDB58E1C30248700DE7B88 /* LICENSE Helpers */; };
		B3D7D8431D11584700378BC0 /* CopyrightModifierUITests.swift in Sources */ = {isa = PBXBuildFile; fileRef = B3D7D8421D11584700378BC0 /* CopyrightModifierUITests.swift */; };
		B3D7D84C1D115DC100378BC0 /* Results in Resources */ = {isa = PBXBuildFile; fileRef = B3D7D84A1D115DC100378BC0 /* Results */; };
		B3E0648E1C0068A400A77C2D /* ObjectiveGit.framework in Frameworks */ = {isa = PBXBuildFile; fileRef = B3E0648D1C0068A400A77C2D /* ObjectiveGit.framework */; };
		B3E064901C0068AB00A77C2D /* ObjectiveGit.framework in CopyFiles */ = {isa = PBXBuildFile; fileRef = B3E0648D1C0068A400A77C2D /* ObjectiveGit.framework */; settings = {ATTRIBUTES = (CodeSignOnCopy, RemoveHeadersOnCopy, ); }; };
		B3E8642F1D2E5D38009F9C46 /* Tests in Resources */ = {isa = PBXBuildFile; fileRef = B3031E2A1D2E4AB100951685 /* Tests */; };
		B49FA2CE1A1FEC45006F035B /* AppDelegate.swift in Sources */ = {isa = PBXBuildFile; fileRef = B49FA2C61A1FEC45006F035B /* AppDelegate.swift */; };
		B49FA2D21A1FEC45006F035B /* MainMenu.xib in Resources */ = {isa = PBXBuildFile; fileRef = B49FA2CB1A1FEC45006F035B /* MainMenu.xib */; };
		B49FA2DB1A20D81A006F035B /* CopyrightGenerator.swift in Sources */ = {isa = PBXBuildFile; fileRef = B49FA2DA1A20D81A006F035B /* CopyrightGenerator.swift */; };
		B49FA2DF1A20FCCA006F035B /* NSFileManager+SCM.swift in Sources */ = {isa = PBXBuildFile; fileRef = B49FA2DD1A20FCCA006F035B /* NSFileManager+SCM.swift */; };
		B49FA2E01A20FCCA006F035B /* String+FileName.swift in Sources */ = {isa = PBXBuildFile; fileRef = B49FA2DE1A20FCCA006F035B /* String+FileName.swift */; };
/* End PBXBuildFile section */

/* Begin PBXContainerItemProxy section */
		B3D7D8451D11584700378BC0 /* PBXContainerItemProxy */ = {
			isa = PBXContainerItemProxy;
			containerPortal = B36175BE19A4916600186F90 /* Project object */;
			proxyType = 1;
			remoteGlobalIDString = B36175C519A4916600186F90;
			remoteInfo = CopyrightModifier;
		};
/* End PBXContainerItemProxy section */

/* Begin PBXCopyFilesBuildPhase section */
		B39BBA7C1B2DAF6C00AFD0C8 /* CopyFiles */ = {
			isa = PBXCopyFilesBuildPhase;
			buildActionMask = 2147483647;
			dstPath = "";
			dstSubfolderSpec = 10;
			files = (
				B3E064901C0068AB00A77C2D /* ObjectiveGit.framework in CopyFiles */,
			);
			runOnlyForDeploymentPostprocessing = 0;
		};
/* End PBXCopyFilesBuildPhase section */

/* Begin PBXFileReference section */
		B3031E2A1D2E4AB100951685 /* Tests */ = {isa = PBXFileReference; lastKnownFileType = folder; path = Tests; sourceTree = "<group>"; };
		B359F7E91ACE9CDE0059A353 /* NSUserDefaults+RunOnce.swift */ = {isa = PBXFileReference; fileEncoding = 4; lastKnownFileType = sourcecode.swift; path = "NSUserDefaults+RunOnce.swift"; sourceTree = "<group>"; };
		B36175C619A4916600186F90 /* CopyrightModifier.app */ = {isa = PBXFileReference; explicitFileType = wrapper.application; includeInIndex = 0; path = CopyrightModifier.app; sourceTree = BUILT_PRODUCTS_DIR; };
		B36204841AB63883005AE54B /* FileInfoOptions.swift */ = {isa = PBXFileReference; fileEncoding = 4; lastKnownFileType = sourcecode.swift; path = FileInfoOptions.swift; sourceTree = "<group>"; };
		B36C95BF1ABB1C3300E0CDB3 /* CopyrightInformation.swift */ = {isa = PBXFileReference; fileEncoding = 4; lastKnownFileType = sourcecode.swift; name = CopyrightInformation.swift; path = CopyrightModifier/CopyrightInformation.swift; sourceTree = "<group>"; };
		B37FC1821AC850530095BC07 /* CopyrightModifier.entitlements */ = {isa = PBXFileReference; lastKnownFileType = text.xml; name = CopyrightModifier.entitlements; path = CopyrightModifier/CopyrightModifier.entitlements; sourceTree = "<group>"; };
		B39503761AB9C7A800544E52 /* NSView+Enable.swift */ = {isa = PBXFileReference; fileEncoding = 4; lastKnownFileType = sourcecode.swift; path = "NSView+Enable.swift"; sourceTree = "<group>"; };
		B3A139411BFF7FC800491270 /* DefaultMinimalLicense.txt */ = {isa = PBXFileReference; fileEncoding = 4; lastKnownFileType = text; name = DefaultMinimalLicense.txt; path = CopyrightModifier/DefaultMinimalLicense.txt; sourceTree = "<group>"; };
		B3A139421BFF7FC800491270 /* DefaultTemplate.txt */ = {isa = PBXFileReference; fileEncoding = 4; lastKnownFileType = text; name = DefaultTemplate.txt; path = CopyrightModifier/DefaultTemplate.txt; sourceTree = "<group>"; };
		B3A139441BFF7FC800491270 /* myicon.icns */ = {isa = PBXFileReference; lastKnownFileType = image.icns; name = myicon.icns; path = CopyrightModifier/myicon.icns; sourceTree = "<group>"; };
		B3A578EC19A640EE0020B3D5 /* README.md */ = {isa = PBXFileReference; fileEncoding = 4; lastKnownFileType = net.daringfireball.markdown; path = README.md; sourceTree = "<group>"; };
		B3A6D6C81AB4D91A003F8F4B /* PreviewWindowController.swift */ = {isa = PBXFileReference; fileEncoding = 4; lastKnownFileType = sourcecode.swift; name = PreviewWindowController.swift; path = CopyrightModifier/PreviewWindowController.swift; sourceTree = "<group>"; };
		B3B58FFE1C139AA2002D5116 /* GTRepository+FindRecursive.swift */ = {isa = PBXFileReference; fileEncoding = 4; lastKnownFileType = sourcecode.swift; path = "GTRepository+FindRecursive.swift"; sourceTree = "<group>"; };
		B3B58FFF1C139AA2002D5116 /* GTRepository+FindFileHistory.swift */ = {isa = PBXFileReference; fileEncoding = 4; lastKnownFileType = sourcecode.swift; path = "GTRepository+FindFileHistory.swift"; sourceTree = "<group>"; };
		B3B590001C139AA2002D5116 /* GTTreeEntry+EntryWithSHA.swift */ = {isa = PBXFileReference; fileEncoding = 4; lastKnownFileType = sourcecode.swift; path = "GTTreeEntry+EntryWithSHA.swift"; sourceTree = "<group>"; };
		B3C822A81AB4CD3900E2FF73 /* FileContent.swift */ = {isa = PBXFileReference; fileEncoding = 4; lastKnownFileType = sourcecode.swift; name = FileContent.swift; path = CopyrightModifier/FileContent.swift; sourceTree = "<group>"; };
		B3C822A91AB4CD3900E2FF73 /* FileWriter.swift */ = {isa = PBXFileReference; fileEncoding = 4; lastKnownFileType = sourcecode.swift; name = FileWriter.swift; path = CopyrightModifier/FileWriter.swift; sourceTree = "<group>"; };
		B3C822AC1AB4D21B00E2FF73 /* MainWindowController.swift */ = {isa = PBXFileReference; fileEncoding = 4; lastKnownFileType = sourcecode.swift; name = MainWindowController.swift; path = CopyrightModifier/MainWindowController.swift; sourceTree = "<group>"; };
		B3CDB58D1C30248700DE7B88 /* LICENSE App */ = {isa = PBXFileReference; fileEncoding = 4; lastKnownFileType = text; path = "LICENSE App"; sourceTree = "<group>"; };
		B3CDB58E1C30248700DE7B88 /* LICENSE Helpers */ = {isa = PBXFileReference; fileEncoding = 4; lastKnownFileType = text; path = "LICENSE Helpers"; sourceTree = "<group>"; };
		B3D7D8401D11584700378BC0 /* CopyrightModifierUITests.xctest */ = {isa = PBXFileReference; explicitFileType = wrapper.cfbundle; includeInIndex = 0; path = CopyrightModifierUITests.xctest; sourceTree = BUILT_PRODUCTS_DIR; };
		B3D7D8421D11584700378BC0 /* CopyrightModifierUITests.swift */ = {isa = PBXFileReference; lastKnownFileType = sourcecode.swift; path = CopyrightModifierUITests.swift; sourceTree = "<group>"; };
		B3D7D8441D11584700378BC0 /* Info.plist */ = {isa = PBXFileReference; lastKnownFileType = text.plist.xml; path = Info.plist; sourceTree = "<group>"; };
		B3D7D84A1D115DC100378BC0 /* Results */ = {isa = PBXFileReference; lastKnownFileType = folder; path = Results; sourceTree = "<group>"; };
		B3E0648D1C0068A400A77C2D /* ObjectiveGit.framework */ = {isa = PBXFileReference; lastKnownFileType = wrapper.framework; name = ObjectiveGit.framework; path = Carthage/Build/Mac/ObjectiveGit.framework; sourceTree = "<group>"; };
		B49FA2C61A1FEC45006F035B /* AppDelegate.swift */ = {isa = PBXFileReference; fileEncoding = 4; lastKnownFileType = sourcecode.swift; name = AppDelegate.swift; path = CopyrightModifier/AppDelegate.swift; sourceTree = "<group>"; };
		B49FA2C91A1FEC45006F035B /* Info.plist */ = {isa = PBXFileReference; fileEncoding = 4; lastKnownFileType = text.plist.xml; name = Info.plist; path = CopyrightModifier/Info.plist; sourceTree = "<group>"; };
		B49FA2CB1A1FEC45006F035B /* MainMenu.xib */ = {isa = PBXFileReference; fileEncoding = 4; lastKnownFileType = file.xib; name = MainMenu.xib; path = CopyrightModifier/MainMenu.xib; sourceTree = "<group>"; };
		B49FA2DA1A20D81A006F035B /* CopyrightGenerator.swift */ = {isa = PBXFileReference; fileEncoding = 4; lastKnownFileType = sourcecode.swift; name = CopyrightGenerator.swift; path = CopyrightModifier/CopyrightGenerator.swift; sourceTree = "<group>"; };
		B49FA2DD1A20FCCA006F035B /* NSFileManager+SCM.swift */ = {isa = PBXFileReference; fileEncoding = 4; lastKnownFileType = sourcecode.swift; path = "NSFileManager+SCM.swift"; sourceTree = "<group>"; };
		B49FA2DE1A20FCCA006F035B /* String+FileName.swift */ = {isa = PBXFileReference; fileEncoding = 4; lastKnownFileType = sourcecode.swift; path = "String+FileName.swift"; sourceTree = "<group>"; };
/* End PBXFileReference section */

/* Begin PBXFrameworksBuildPhase section */
		B36175C319A4916600186F90 /* Frameworks */ = {
			isa = PBXFrameworksBuildPhase;
			buildActionMask = 2147483647;
			files = (
				B3E0648E1C0068A400A77C2D /* ObjectiveGit.framework in Frameworks */,
			);
			runOnlyForDeploymentPostprocessing = 0;
		};
		B3D7D83D1D11584700378BC0 /* Frameworks */ = {
			isa = PBXFrameworksBuildPhase;
			buildActionMask = 2147483647;
			files = (
			);
			runOnlyForDeploymentPostprocessing = 0;
		};
/* End PBXFrameworksBuildPhase section */

/* Begin PBXGroup section */
		7AEFA51EAC481169E045AE57 /* Frameworks */ = {
			isa = PBXGroup;
			children = (
				B3E0648D1C0068A400A77C2D /* ObjectiveGit.framework */,
			);
			name = Frameworks;
			sourceTree = "<group>";
		};
		B36175BD19A4916600186F90 = {
			isa = PBXGroup;
			children = (
				B3CDB58D1C30248700DE7B88 /* LICENSE App */,
				B3CDB58E1C30248700DE7B88 /* LICENSE Helpers */,
				B3A578EC19A640EE0020B3D5 /* README.md */,
				B42D8CD219B32AAD00AB8180 /* App */,
				B49FA2DC1A20FCCA006F035B /* Helpers */,
				B3D7D8411D11584700378BC0 /* UITests */,
				B36175C719A4916600186F90 /* Products */,
				7AEFA51EAC481169E045AE57 /* Frameworks */,
			);
			sourceTree = "<group>";
		};
		B36175C719A4916600186F90 /* Products */ = {
			isa = PBXGroup;
			children = (
				B36175C619A4916600186F90 /* CopyrightModifier.app */,
				B3D7D8401D11584700378BC0 /* CopyrightModifierUITests.xctest */,
			);
			name = Products;
			sourceTree = "<group>";
		};
		B3D7D8411D11584700378BC0 /* UITests */ = {
			isa = PBXGroup;
			children = (
				B3031E2A1D2E4AB100951685 /* Tests */,
				B3D7D84A1D115DC100378BC0 /* Results */,
				B3D7D8421D11584700378BC0 /* CopyrightModifierUITests.swift */,
				B3D7D8441D11584700378BC0 /* Info.plist */,
			);
			name = UITests;
			path = CopyrightModifierUITests;
			sourceTree = "<group>";
		};
		B42D8CD219B32AAD00AB8180 /* App */ = {
			isa = PBXGroup;
			children = (
				B49FA2D71A1FF384006F035B /* Resources */,
				B49FA2C61A1FEC45006F035B /* AppDelegate.swift */,
				B3C822AC1AB4D21B00E2FF73 /* MainWindowController.swift */,
				B3A6D6C81AB4D91A003F8F4B /* PreviewWindowController.swift */,
				B49FA2DA1A20D81A006F035B /* CopyrightGenerator.swift */,
				B36C95BF1ABB1C3300E0CDB3 /* CopyrightInformation.swift */,
				B3C822A81AB4CD3900E2FF73 /* FileContent.swift */,
				B3C822A91AB4CD3900E2FF73 /* FileWriter.swift */,
			);
			name = App;
			sourceTree = "<group>";
		};
		B49FA2D71A1FF384006F035B /* Resources */ = {
			isa = PBXGroup;
			children = (
				B37FC1821AC850530095BC07 /* CopyrightModifier.entitlements */,
				B3A139411BFF7FC800491270 /* DefaultMinimalLicense.txt */,
				B3A139421BFF7FC800491270 /* DefaultTemplate.txt */,
				B3A139441BFF7FC800491270 /* myicon.icns */,
				B49FA2C91A1FEC45006F035B /* Info.plist */,
				B49FA2CB1A1FEC45006F035B /* MainMenu.xib */,
			);
			name = Resources;
			sourceTree = "<group>";
		};
		B49FA2DC1A20FCCA006F035B /* Helpers */ = {
			isa = PBXGroup;
			children = (
				B3B58FFE1C139AA2002D5116 /* GTRepository+FindRecursive.swift */,
				B3B58FFF1C139AA2002D5116 /* GTRepository+FindFileHistory.swift */,
				B3B590001C139AA2002D5116 /* GTTreeEntry+EntryWithSHA.swift */,
				B49FA2DD1A20FCCA006F035B /* NSFileManager+SCM.swift */,
				B39503761AB9C7A800544E52 /* NSView+Enable.swift */,
				B49FA2DE1A20FCCA006F035B /* String+FileName.swift */,
				B36204841AB63883005AE54B /* FileInfoOptions.swift */,
				B359F7E91ACE9CDE0059A353 /* NSUserDefaults+RunOnce.swift */,
			);
			path = Helpers;
			sourceTree = "<group>";
		};
/* End PBXGroup section */

/* Begin PBXNativeTarget section */
		B36175C519A4916600186F90 /* CopyrightModifier */ = {
			isa = PBXNativeTarget;
			buildConfigurationList = B36175E219A4916600186F90 /* Build configuration list for PBXNativeTarget "CopyrightModifier" */;
			buildPhases = (
				B36175C219A4916600186F90 /* Sources */,
				B36175C319A4916600186F90 /* Frameworks */,
				B36175C419A4916600186F90 /* Resources */,
				B39BBA7C1B2DAF6C00AFD0C8 /* CopyFiles */,
			);
			buildRules = (
			);
			dependencies = (
			);
			name = CopyrightModifier;
			productName = CoprightModifier;
			productReference = B36175C619A4916600186F90 /* CopyrightModifier.app */;
			productType = "com.apple.product-type.application";
		};
		B3D7D83F1D11584700378BC0 /* CopyrightModifierUITests */ = {
			isa = PBXNativeTarget;
			buildConfigurationList = B3D7D8471D11584700378BC0 /* Build configuration list for PBXNativeTarget "CopyrightModifierUITests" */;
			buildPhases = (
				B3D7D83C1D11584700378BC0 /* Sources */,
				B3D7D83D1D11584700378BC0 /* Frameworks */,
				B3D7D83E1D11584700378BC0 /* Resources */,
			);
			buildRules = (
			);
			dependencies = (
				B3D7D8461D11584700378BC0 /* PBXTargetDependency */,
			);
			name = CopyrightModifierUITests;
			productName = CopyrightModifierUITests;
			productReference = B3D7D8401D11584700378BC0 /* CopyrightModifierUITests.xctest */;
			productType = "com.apple.product-type.bundle.ui-testing";
		};
/* End PBXNativeTarget section */

/* Begin PBXProject section */
		B36175BE19A4916600186F90 /* Project object */ = {
			isa = PBXProject;
			attributes = {
				LastSwiftUpdateCheck = 0730;
				LastUpgradeCheck = 0710;
				ORGANIZATIONNAME = "Dominik Pich";
				TargetAttributes = {
					B36175C519A4916600186F90 = {
						CreatedOnToolsVersion = 6.0;
						LastSwiftMigration = 0810;
						SystemCapabilities = {
							com.apple.Sandbox = {
								enabled = 1;
							};
						};
					};
					B3D7D83F1D11584700378BC0 = {
						CreatedOnToolsVersion = 7.3.1;
						LastSwiftMigration = 0810;
						TestTargetID = B36175C519A4916600186F90;
					};
				};
			};
			buildConfigurationList = B36175C119A4916600186F90 /* Build configuration list for PBXProject "CopyrightModifier" */;
			compatibilityVersion = "Xcode 3.2";
			developmentRegion = English;
			hasScannedForEncodings = 0;
			knownRegions = (
				en,
				Base,
			);
			mainGroup = B36175BD19A4916600186F90;
			productRefGroup = B36175C719A4916600186F90 /* Products */;
			projectDirPath = "";
			projectRoot = "";
			targets = (
				B36175C519A4916600186F90 /* CopyrightModifier */,
				B3D7D83F1D11584700378BC0 /* CopyrightModifierUITests */,
			);
		};
/* End PBXProject section */

/* Begin PBXResourcesBuildPhase section */
		B36175C419A4916600186F90 /* Resources */ = {
			isa = PBXResourcesBuildPhase;
			buildActionMask = 2147483647;
			files = (
				B49FA2D21A1FEC45006F035B /* MainMenu.xib in Resources */,
				B3A139481BFF7FC800491270 /* myicon.icns in Resources */,
				B3A139461BFF7FC800491270 /* DefaultTemplate.txt in Resources */,
				B3A139451BFF7FC800491270 /* DefaultMinimalLicense.txt in Resources */,
				B3CDB5931C30248700DE7B88 /* LICENSE App in Resources */,
				B3CDB5941C30248700DE7B88 /* LICENSE Helpers in Resources */,
			);
			runOnlyForDeploymentPostprocessing = 0;
		};
		B3D7D83E1D11584700378BC0 /* Resources */ = {
			isa = PBXResourcesBuildPhase;
			buildActionMask = 2147483647;
			files = (
				B3E8642F1D2E5D38009F9C46 /* Tests in Resources */,
				B3D7D84C1D115DC100378BC0 /* Results in Resources */,
			);
			runOnlyForDeploymentPostprocessing = 0;
		};
/* End PBXResourcesBuildPhase section */

/* Begin PBXSourcesBuildPhase section */
		B36175C219A4916600186F90 /* Sources */ = {
			isa = PBXSourcesBuildPhase;
			buildActionMask = 2147483647;
			files = (
				B49FA2DB1A20D81A006F035B /* CopyrightGenerator.swift in Sources */,
				B49FA2CE1A1FEC45006F035B /* AppDelegate.swift in Sources */,
				B49FA2E01A20FCCA006F035B /* String+FileName.swift in Sources */,
				B39503771AB9C7A800544E52 /* NSView+Enable.swift in Sources */,
				B3C822AA1AB4CD3900E2FF73 /* FileContent.swift in Sources */,
				B3A6D6C91AB4D91A003F8F4B /* PreviewWindowController.swift in Sources */,
				B3C822AB1AB4CD3900E2FF73 /* FileWriter.swift in Sources */,
				B3C822AD1AB4D21B00E2FF73 /* MainWindowController.swift in Sources */,
				B3B590021C139AA2002D5116 /* GTRepository+FindFileHistory.swift in Sources */,
				B3B590031C139AA2002D5116 /* GTTreeEntry+EntryWithSHA.swift in Sources */,
				B3B590011C139AA2002D5116 /* GTRepository+FindRecursive.swift in Sources */,
				B359F7EA1ACE9CDE0059A353 /* NSUserDefaults+RunOnce.swift in Sources */,
				B36204851AB63883005AE54B /* FileInfoOptions.swift in Sources */,
				B49FA2DF1A20FCCA006F035B /* NSFileManager+SCM.swift in Sources */,
				B36C95C01ABB1C3300E0CDB3 /* CopyrightInformation.swift in Sources */,
			);
			runOnlyForDeploymentPostprocessing = 0;
		};
		B3D7D83C1D11584700378BC0 /* Sources */ = {
			isa = PBXSourcesBuildPhase;
			buildActionMask = 2147483647;
			files = (
				B3D7D8431D11584700378BC0 /* CopyrightModifierUITests.swift in Sources */,
			);
			runOnlyForDeploymentPostprocessing = 0;
		};
/* End PBXSourcesBuildPhase section */

/* Begin PBXTargetDependency section */
		B3D7D8461D11584700378BC0 /* PBXTargetDependency */ = {
			isa = PBXTargetDependency;
			target = B36175C519A4916600186F90 /* CopyrightModifier */;
			targetProxy = B3D7D8451D11584700378BC0 /* PBXContainerItemProxy */;
		};
/* End PBXTargetDependency section */

/* Begin XCBuildConfiguration section */
		B36175E019A4916600186F90 /* Debug */ = {
			isa = XCBuildConfiguration;
			buildSettings = {
				ALWAYS_SEARCH_USER_PATHS = NO;
				CLANG_CXX_LANGUAGE_STANDARD = "gnu++0x";
				CLANG_CXX_LIBRARY = "libc++";
				CLANG_ENABLE_MODULES = YES;
				CLANG_ENABLE_OBJC_ARC = YES;
				CLANG_WARN_BOOL_CONVERSION = YES;
				CLANG_WARN_CONSTANT_CONVERSION = YES;
				CLANG_WARN_DIRECT_OBJC_ISA_USAGE = YES_ERROR;
				CLANG_WARN_EMPTY_BODY = YES;
				CLANG_WARN_ENUM_CONVERSION = YES;
				CLANG_WARN_INT_CONVERSION = YES;
				CLANG_WARN_OBJC_ROOT_CLASS = YES_ERROR;
				CLANG_WARN_UNREACHABLE_CODE = YES;
				CLANG_WARN__DUPLICATE_METHOD_MATCH = YES;
				CODE_SIGN_IDENTITY = "-";
				COPY_PHASE_STRIP = NO;
				ENABLE_STRICT_OBJC_MSGSEND = YES;
				ENABLE_TESTABILITY = YES;
				GCC_C_LANGUAGE_STANDARD = gnu99;
				GCC_DYNAMIC_NO_PIC = NO;
				GCC_OPTIMIZATION_LEVEL = 0;
				GCC_PREPROCESSOR_DEFINITIONS = (
					"DEBUG=1",
					"$(inherited)",
				);
				GCC_SYMBOLS_PRIVATE_EXTERN = NO;
				GCC_WARN_64_TO_32_BIT_CONVERSION = YES;
				GCC_WARN_ABOUT_RETURN_TYPE = YES_ERROR;
				GCC_WARN_UNDECLARED_SELECTOR = YES;
				GCC_WARN_UNINITIALIZED_AUTOS = YES_AGGRESSIVE;
				GCC_WARN_UNUSED_FUNCTION = YES;
				GCC_WARN_UNUSED_VARIABLE = YES;
				INFOPLIST_FILE = CopyrightModifier/Info.plist;
				MACOSX_DEPLOYMENT_TARGET = 10.9;
				MTL_ENABLE_DEBUG_INFO = YES;
				ONLY_ACTIVE_ARCH = YES;
				OTHER_SWIFT_FLAGS = "-DDEBUG";
				SDKROOT = macosx;
				SWIFT_OPTIMIZATION_LEVEL = "-Onone";
			};
			name = Debug;
		};
		B36175E119A4916600186F90 /* Release */ = {
			isa = XCBuildConfiguration;
			buildSettings = {
				ALWAYS_SEARCH_USER_PATHS = NO;
				CLANG_CXX_LANGUAGE_STANDARD = "gnu++0x";
				CLANG_CXX_LIBRARY = "libc++";
				CLANG_ENABLE_MODULES = YES;
				CLANG_ENABLE_OBJC_ARC = YES;
				CLANG_WARN_BOOL_CONVERSION = YES;
				CLANG_WARN_CONSTANT_CONVERSION = YES;
				CLANG_WARN_DIRECT_OBJC_ISA_USAGE = YES_ERROR;
				CLANG_WARN_EMPTY_BODY = YES;
				CLANG_WARN_ENUM_CONVERSION = YES;
				CLANG_WARN_INT_CONVERSION = YES;
				CLANG_WARN_OBJC_ROOT_CLASS = YES_ERROR;
				CLANG_WARN_UNREACHABLE_CODE = YES;
				CLANG_WARN__DUPLICATE_METHOD_MATCH = YES;
				CODE_SIGN_IDENTITY = "-";
				COPY_PHASE_STRIP = YES;
				DEBUG_INFORMATION_FORMAT = "dwarf-with-dsym";
				ENABLE_NS_ASSERTIONS = NO;
				ENABLE_STRICT_OBJC_MSGSEND = YES;
				GCC_C_LANGUAGE_STANDARD = gnu99;
				GCC_WARN_64_TO_32_BIT_CONVERSION = YES;
				GCC_WARN_ABOUT_RETURN_TYPE = YES_ERROR;
				GCC_WARN_UNDECLARED_SELECTOR = YES;
				GCC_WARN_UNINITIALIZED_AUTOS = YES_AGGRESSIVE;
				GCC_WARN_UNUSED_FUNCTION = YES;
				GCC_WARN_UNUSED_VARIABLE = YES;
				INFOPLIST_FILE = CopyrightModifier/Info.plist;
				MACOSX_DEPLOYMENT_TARGET = 10.9;
				MTL_ENABLE_DEBUG_INFO = NO;
				SDKROOT = macosx;
			};
			name = Release;
		};
		B36175E319A4916600186F90 /* Debug */ = {
			isa = XCBuildConfiguration;
			buildSettings = {
				ASSETCATALOG_COMPILER_APPICON_NAME = AppIcon;
				CODE_SIGN_ENTITLEMENTS = CopyrightModifier/CopyrightModifier.entitlements;
				COMBINE_HIDPI_IMAGES = YES;
				FRAMEWORK_SEARCH_PATHS = (
					"$(inherited)",
					"$(PROJECT_DIR)/Carthage/Build/Mac",
				);
				HEADER_SEARCH_PATHS = "$(SRCROOT)/Carthage/Build/Mac/ObjectiveGit.framework/Headers/";
				LD_RUNPATH_SEARCH_PATHS = "$(inherited) @executable_path/../Frameworks";
				PRODUCT_BUNDLE_IDENTIFIER = "info.pich.$(PRODUCT_NAME:rfc1034identifier)";
				PRODUCT_NAME = "$(TARGET_NAME)";
				SWIFT_VERSION = 3.0;
			};
			name = Debug;
		};
		B36175E419A4916600186F90 /* Release */ = {
			isa = XCBuildConfiguration;
			buildSettings = {
				ASSETCATALOG_COMPILER_APPICON_NAME = AppIcon;
				CODE_SIGN_ENTITLEMENTS = CopyrightModifier/CopyrightModifier.entitlements;
				COMBINE_HIDPI_IMAGES = YES;
				FRAMEWORK_SEARCH_PATHS = (
					"$(inherited)",
					"$(PROJECT_DIR)/Carthage/Build/Mac",
				);
				HEADER_SEARCH_PATHS = "$(SRCROOT)/Carthage/Build/Mac/ObjectiveGit.framework/Headers/";
				LD_RUNPATH_SEARCH_PATHS = "$(inherited) @executable_path/../Frameworks";
				PRODUCT_BUNDLE_IDENTIFIER = "info.pich.$(PRODUCT_NAME:rfc1034identifier)";
				PRODUCT_NAME = "$(TARGET_NAME)";
				SWIFT_VERSION = 3.0;
			};
			name = Release;
		};
		B3D7D8481D11584700378BC0 /* Debug */ = {
			isa = XCBuildConfiguration;
			buildSettings = {
				CLANG_ANALYZER_NONNULL = YES;
				COMBINE_HIDPI_IMAGES = YES;
				DEBUG_INFORMATION_FORMAT = dwarf;
				GCC_NO_COMMON_BLOCKS = YES;
				INFOPLIST_FILE = CopyrightModifierUITests/Info.plist;
				LD_RUNPATH_SEARCH_PATHS = "$(inherited) @executable_path/../Frameworks @loader_path/../Frameworks";
				MACOSX_DEPLOYMENT_TARGET = 10.11;
				PRODUCT_BUNDLE_IDENTIFIER = com.sapient.CopyrightModifierUITests;
				PRODUCT_NAME = "$(TARGET_NAME)";
				SWIFT_VERSION = 3.0;
				TEST_TARGET_NAME = CopyrightModifier;
			};
			name = Debug;
		};
		B3D7D8491D11584700378BC0 /* Release */ = {
			isa = XCBuildConfiguration;
			buildSettings = {
				CLANG_ANALYZER_NONNULL = YES;
				COMBINE_HIDPI_IMAGES = YES;
				COPY_PHASE_STRIP = NO;
				GCC_NO_COMMON_BLOCKS = YES;
				INFOPLIST_FILE = CopyrightModifierUITests/Info.plist;
				LD_RUNPATH_SEARCH_PATHS = "$(inherited) @executable_path/../Frameworks @loader_path/../Frameworks";
				MACOSX_DEPLOYMENT_TARGET = 10.11;
				PRODUCT_BUNDLE_IDENTIFIER = com.sapient.CopyrightModifierUITests;
				PRODUCT_NAME = "$(TARGET_NAME)";
				SWIFT_VERSION = 3.0;
				TEST_TARGET_NAME = CopyrightModifier;
			};
			name = Release;
		};
/* End XCBuildConfiguration section */

/* Begin XCConfigurationList section */
		B36175C119A4916600186F90 /* Build configuration list for PBXProject "CopyrightModifier" */ = {
			isa = XCConfigurationList;
			buildConfigurations = (
				B36175E019A4916600186F90 /* Debug */,
				B36175E119A4916600186F90 /* Release */,
			);
			defaultConfigurationIsVisible = 0;
			defaultConfigurationName = Release;
		};
		B36175E219A4916600186F90 /* Build configuration list for PBXNativeTarget "CopyrightModifier" */ = {
			isa = XCConfigurationList;
			buildConfigurations = (
				B36175E319A4916600186F90 /* Debug */,
				B36175E419A4916600186F90 /* Release */,
			);
			defaultConfigurationIsVisible = 0;
			defaultConfigurationName = Release;
		};
		B3D7D8471D11584700378BC0 /* Build configuration list for PBXNativeTarget "CopyrightModifierUITests" */ = {
			isa = XCConfigurationList;
			buildConfigurations = (
				B3D7D8481D11584700378BC0 /* Debug */,
				B3D7D8491D11584700378BC0 /* Release */,
			);
			defaultConfigurationIsVisible = 0;
			defaultConfigurationName = Release;
		};
/* End XCConfigurationList section */
	};
	rootObject = B36175BE19A4916600186F90 /* Project object */;
}
